
Microsoft Visual Studio Solution File, Format Version 12.00
# Visual Studio Version 17
VisualStudioVersion = 17.8.34525.116
MinimumVisualStudioVersion = 10.0.40219.1
Project("{9A19103F-16F7-4668-BE54-9A1E7A4F7556}") = "RentShop_API", "RentShop_API\RentShop_API.csproj", "{C25FC856-3E3B-4AD5-8A69-D5A44A01A251}"
EndProject
Project("{9A19103F-16F7-4668-BE54-9A1E7A4F7556}") = "Repository", "Repository\Repository.csproj", "{A5DB5345-227C-42F6-BD2F-6F15C19F68F8}"
EndProject
Project("{9A19103F-16F7-4668-BE54-9A1E7A4F7556}") = "Models", "Entities\Models.csproj", "{6D2A5784-46E2-4DAF-8366-2F76E4BB8B52}"
EndProject
Project("{9A19103F-16F7-4668-BE54-9A1E7A4F7556}") = "Interfaces", "Interfaces\Interfaces.csproj", "{1F72A46B-789D-472C-811C-7D0E526059F6}"
EndProject
Project("{9A19103F-16F7-4668-BE54-9A1E7A4F7556}") = "Services", "Services\Services.csproj", "{678D5110-A995-4088-ADFF-F84FC5AA46B9}"
EndProject
Project("{9A19103F-16F7-4668-BE54-9A1E7A4F7556}") = "GlobalUsing", "GlobalUsing\GlobalUsing.csproj", "{86B2A047-1E4E-4F8A-B3F4-01AD93571860}"
EndProject
Global
	GlobalSection(SolutionConfigurationPlatforms) = preSolution
		Debug|Any CPU = Debug|Any CPU
		Release|Any CPU = Release|Any CPU
	EndGlobalSection
	GlobalSection(ProjectConfigurationPlatforms) = postSolution
		{C25FC856-3E3B-4AD5-8A69-D5A44A01A251}.Debug|Any CPU.ActiveCfg = Debug|Any CPU
		{C25FC856-3E3B-4AD5-8A69-D5A44A01A251}.Debug|Any CPU.Build.0 = Debug|Any CPU
		{C25FC856-3E3B-4AD5-8A69-D5A44A01A251}.Release|Any CPU.ActiveCfg = Release|Any CPU
		{C25FC856-3E3B-4AD5-8A69-D5A44A01A251}.Release|Any CPU.Build.0 = Release|Any CPU
		{A5DB5345-227C-42F6-BD2F-6F15C19F68F8}.Debug|Any CPU.ActiveCfg = Debug|Any CPU
		{A5DB5345-227C-42F6-BD2F-6F15C19F68F8}.Debug|Any CPU.Build.0 = Debug|Any CPU
		{A5DB5345-227C-42F6-BD2F-6F15C19F68F8}.Release|Any CPU.ActiveCfg = Release|Any CPU
		{A5DB5345-227C-42F6-BD2F-6F15C19F68F8}.Release|Any CPU.Build.0 = Release|Any CPU
		{6D2A5784-46E2-4DAF-8366-2F76E4BB8B52}.Debug|Any CPU.ActiveCfg = Debug|Any CPU
		{6D2A5784-46E2-4DAF-8366-2F76E4BB8B52}.Debug|Any CPU.Build.0 = Debug|Any CPU
		{6D2A5784-46E2-4DAF-8366-2F76E4BB8B52}.Release|Any CPU.ActiveCfg = Release|Any CPU
		{6D2A5784-46E2-4DAF-8366-2F76E4BB8B52}.Release|Any CPU.Build.0 = Release|Any CPU
		{1F72A46B-789D-472C-811C-7D0E526059F6}.Debug|Any CPU.ActiveCfg = Debug|Any CPU
		{1F72A46B-789D-472C-811C-7D0E526059F6}.Debug|Any CPU.Build.0 = Debug|Any CPU
		{1F72A46B-789D-472C-811C-7D0E526059F6}.Release|Any CPU.ActiveCfg = Release|Any CPU
		{1F72A46B-789D-472C-811C-7D0E526059F6}.Release|Any CPU.Build.0 = Release|Any CPU
		{678D5110-A995-4088-ADFF-F84FC5AA46B9}.Debug|Any CPU.ActiveCfg = Debug|Any CPU
		{678D5110-A995-4088-ADFF-F84FC5AA46B9}.Debug|Any CPU.Build.0 = Debug|Any CPU
		{678D5110-A995-4088-ADFF-F84FC5AA46B9}.Release|Any CPU.ActiveCfg = Release|Any CPU
		{678D5110-A995-4088-ADFF-F84FC5AA46B9}.Release|Any CPU.Build.0 = Release|Any CPU
		{86B2A047-1E4E-4F8A-B3F4-01AD93571860}.Debug|Any CPU.ActiveCfg = Debug|Any CPU
		{86B2A047-1E4E-4F8A-B3F4-01AD93571860}.Debug|Any CPU.Build.0 = Debug|Any CPU
		{86B2A047-1E4E-4F8A-B3F4-01AD93571860}.Release|Any CPU.ActiveCfg = Release|Any CPU
		{86B2A047-1E4E-4F8A-B3F4-01AD93571860}.Release|Any CPU.Build.0 = Release|Any CPU
	EndGlobalSection
	GlobalSection(SolutionProperties) = preSolution
		HideSolutionNode = FALSE
	EndGlobalSection
	GlobalSection(ExtensibilityGlobals) = postSolution
		SolutionGuid = {910B20E8-960D-4D4C-B9C8-67F1AED89A3C}
	EndGlobalSection
EndGlobal
